<?xml version="1.0" encoding="utf-8"?>
<Project ToolsVersion="4.0" xmlns="http://schemas.microsoft.com/developer/msbuild/2003">
  <ItemGroup>
    <Filter Include="Source Files">
      <UniqueIdentifier>{4FC737F1-C7A5-4376-A066-2A32D752A2FF}</UniqueIdentifier>
      <Extensions>cpp;c;cc;cxx;c++;cppm;ixx;def;odl;idl;hpj;bat;asm;asmx</Extensions>
    </Filter>
    <Filter Include="Header Files">
      <UniqueIdentifier>{93995380-89BD-4b04-88EB-625FBE52EBFB}</UniqueIdentifier>
      <Extensions>h;hh;hpp;hxx;h++;hm;inl;inc;ipp;xsd</Extensions>
    </Filter>
    <Filter Include="Resource Files">
      <UniqueIdentifier>{67DA6AB6-F800-4c08-8B7A-83BB121AAD01}</UniqueIdentifier>
      <Extensions>rc;ico;cur;bmp;dlg;rc2;rct;bin;rgs;gif;jpg;jpeg;jpe;resx;tiff;tif;png;wav;mfcribbon-ms</Extensions>
    </Filter>
  </ItemGroup>
  <ItemGroup>
    <ClInclude Include="CRM.h">
      <Filter>Header Files</Filter>
    </ClInclude>
    <ClInclude Include="CRMDlg.h">
      <Filter>Header Files</Filter>
    </ClInclude>
    <ClInclude Include="framework.h">
      <Filter>Header Files</Filter>
    </ClInclude>
    <ClInclude Include="targetver.h">
      <Filter>Header Files</Filter>
    </ClInclude>
    <ClInclude Include="Resource.h">
      <Filter>Header Files</Filter>
    </ClInclude>
    <ClInclude Include="pch.h">
      <Filter>Header Files</Filter>
    </ClInclude>
    <ClInclude Include="CLanding.h">
      <Filter>Header Files</Filter>
    </ClInclude>
    <ClInclude Include="CLoginForm.h">
      <Filter>Header Files</Filter>
    </ClInclude>
    <ClInclude Include="CRegisterForm.h">
      <Filter>Header Files</Filter>
    </ClInclude>
    <ClInclude Include="CUserAction.h">
      <Filter>Header Files</Filter>
    </ClInclude>
    <ClInclude Include="CMySql.h">
      <Filter>Header Files</Filter>
    </ClInclude>
    <ClInclude Include="mysqlwrapper.h">
      <Filter>Header Files</Filter>
    </ClInclude>
    <ClInclude Include="CUser.h">
      <Filter>Header Files</Filter>
    </ClInclude>
    <ClInclude Include="CUserProfile.h">
      <Filter>Header Files</Filter>
    </ClInclude>
    <ClInclude Include="CInventoryManage.h">
      <Filter>Header Files</Filter>
    </ClInclude>
    <ClInclude Include="CInventoryAction.h">
      <Filter>Header Files</Filter>
    </ClInclude>
    <ClInclude Include="CInventory.h">
      <Filter>Header Files</Filter>
    </ClInclude>
    <ClInclude Include="CInventoryForm.h">
      <Filter>Header Files</Filter>
    </ClInclude>
    <ClInclude Include="CInventoryListView.h">
      <Filter>Header Files</Filter>
    </ClInclude>
    <ClInclude Include="CAdminDlg.h">
      <Filter>Header Files</Filter>
    </ClInclude>
    <ClInclude Include="CInventoryPurchase.h">
      <Filter>Header Files</Filter>
    </ClInclude>
    <ClInclude Include="CInventoryBuyForm.h">
      <Filter>Header Files</Filter>
    </ClInclude>
    <ClInclude Include="CInventoryList.h">
      <Filter>Header Files</Filter>
    </ClInclude>
    <ClInclude Include="CFeedbackForm.h">
      <Filter>Header Files</Filter>
    </ClInclude>
    <ClInclude Include="CFeedbackView.h">
      <Filter>Header Files</Filter>
    </ClInclude>
    <ClInclude Include="CFeedBackListView.h">
      <Filter>Header Files</Filter>
    </ClInclude>
    <ClInclude Include="CAdminAction.h">
      <Filter>Header Files</Filter>
    </ClInclude>
    <ClInclude Include="CUserManageDlg.h">
      <Filter>Header Files</Filter>
    </ClInclude>
    <ClInclude Include="CPaymentMethodForm.h">
      <Filter>Header Files</Filter>
    </ClInclude>
    <ClInclude Include="CPaymentMethod.h">
      <Filter>Header Files</Filter>
    </ClInclude>
    <ClInclude Include="CPurchaseHistoryForm.h">
      <Filter>Header Files</Filter>
    </ClInclude>
  </ItemGroup>
  <ItemGroup>
    <ClCompile Include="CRM.cpp">
      <Filter>Source Files</Filter>
    </ClCompile>
    <ClCompile Include="CRMDlg.cpp">
      <Filter>Source Files</Filter>
    </ClCompile>
    <ClCompile Include="pch.cpp">
      <Filter>Source Files</Filter>
    </ClCompile>
    <ClCompile Include="CLanding.cpp">
      <Filter>Source Files</Filter>
    </ClCompile>
    <ClCompile Include="CLoginForm.cpp">
      <Filter>Source Files</Filter>
    </ClCompile>
    <ClCompile Include="CRegisterForm.cpp">
      <Filter>Source Files</Filter>
    </ClCompile>
    <ClCompile Include="CUserAction.cpp">
      <Filter>Source Files</Filter>
    </ClCompile>
    <ClCompile Include="CMySql.cpp">
      <Filter>Source Files</Filter>
    </ClCompile>
    <ClCompile Include="mysqlwrapper.cpp">
      <Filter>Source Files</Filter>
    </ClCompile>
    <ClCompile Include="CUser.cpp">
      <Filter>Source Files</Filter>
    </ClCompile>
    <ClCompile Include="CUserProfile.cpp">
      <Filter>Source Files</Filter>
    </ClCompile>
    <ClCompile Include="CInventoryManage.cpp">
      <Filter>Source Files</Filter>
    </ClCompile>
    <ClCompile Include="CInventoryAction.cpp">
      <Filter>Source Files</Filter>
    </ClCompile>
    <ClCompile Include="CInventory.cpp">
      <Filter>Source Files</Filter>
    </ClCompile>
    <ClCompile Include="CInventoryForm.cpp">
      <Filter>Source Files</Filter>
    </ClCompile>
    <ClCompile Include="CInventoryListView.cpp">
      <Filter>Source Files</Filter>
    </ClCompile>
    <ClCompile Include="CAdminDlg.cpp">
      <Filter>Source Files</Filter>
    </ClCompile>
    <ClCompile Include="CInventoryPurchase.cpp">
      <Filter>Source Files</Filter>
    </ClCompile>
    <ClCompile Include="CInventoryBuyForm.cpp">
      <Filter>Source Files</Filter>
    </ClCompile>
    <ClCompile Include="CInventoryList.cpp">
      <Filter>Source Files</Filter>
    </ClCompile>
    <ClCompile Include="CFeedbackForm.cpp">
      <Filter>Source Files</Filter>
    </ClCompile>
    <ClCompile Include="CFeedbackView.cpp">
      <Filter>Source Files</Filter>
    </ClCompile>
    <ClCompile Include="CFeedBackListView.cpp">
      <Filter>Source Files</Filter>
    </ClCompile>
    <ClCompile Include="CAdminAction.cpp">
      <Filter>Source Files</Filter>
    </ClCompile>
    <ClCompile Include="CUserManageDlg.cpp">
      <Filter>Source Files</Filter>
    </ClCompile>
    <ClCompile Include="CPaymentMethodForm.cpp">
      <Filter>Source Files</Filter>
    </ClCompile>
    <ClCompile Include="CPaymentMethod.cpp">
      <Filter>Source Files</Filter>
    </ClCompile>
    <ClCompile Include="CPurchaseHistoryForm.cpp">
      <Filter>Source Files</Filter>
    </ClCompile>
  </ItemGroup>
  <ItemGroup>
    <ResourceCompile Include="CRM.rc">
      <Filter>Resource Files</Filter>
    </ResourceCompile>
  </ItemGroup>
  <ItemGroup>
    <None Include="res\CRM.rc2">
      <Filter>Resource Files</Filter>
    </None>
  </ItemGroup>
  <ItemGroup>
    <Image Include="res\CRM.ico">
      <Filter>Resource Files</Filter>
    </Image>
    <Image Include="res\icon1.ico">
      <Filter>Resource Files</Filter>
    </Image>
    <Image Include="res\crm.png">
      <Filter>Resource Files</Filter>
    </Image>
  </ItemGroup>
</Project>